
Microsoft Visual Studio Solution File, Format Version 12.00
# Visual Studio 15
VisualStudioVersion = 15.0.26730.8
MinimumVisualStudioVersion = 10.0.40219.1
Project("{9A19103F-16F7-4668-BE54-9A1E7A4F7556}") = "VideoShackUI", "VideoShack\VideoShackUI.csproj", "{1662472D-B95E-4F69-882D-B2F5A07A1A1C}"
EndProject
Project("{9A19103F-16F7-4668-BE54-9A1E7A4F7556}") = "VideoShackBLL", "VideoShackBLL\VideoShackBLL.csproj", "{BA81EED5-4E92-4A20-8DF8-389FAF404668}"
EndProject
Project("{9A19103F-16F7-4668-BE54-9A1E7A4F7556}") = "VideoShackDAL", "VideoShackDAL\VideoShackDAL.csproj", "{A63BC2CE-93E3-4FB6-AABE-A45286BD943F}"
EndProject
Global
	GlobalSection(SolutionConfigurationPlatforms) = preSolution
		Debug|Any CPU = Debug|Any CPU
		Release|Any CPU = Release|Any CPU
	EndGlobalSection
	GlobalSection(ProjectConfigurationPlatforms) = postSolution
		{1662472D-B95E-4F69-882D-B2F5A07A1A1C}.Debug|Any CPU.ActiveCfg = Debug|Any CPU
		{1662472D-B95E-4F69-882D-B2F5A07A1A1C}.Debug|Any CPU.Build.0 = Debug|Any CPU
		{1662472D-B95E-4F69-882D-B2F5A07A1A1C}.Release|Any CPU.ActiveCfg = Release|Any CPU
		{1662472D-B95E-4F69-882D-B2F5A07A1A1C}.Release|Any CPU.Build.0 = Release|Any CPU
		{BA81EED5-4E92-4A20-8DF8-389FAF404668}.Debug|Any CPU.ActiveCfg = Debug|Any CPU
		{BA81EED5-4E92-4A20-8DF8-389FAF404668}.Debug|Any CPU.Build.0 = Debug|Any CPU
		{BA81EED5-4E92-4A20-8DF8-389FAF404668}.Release|Any CPU.ActiveCfg = Release|Any CPU
		{BA81EED5-4E92-4A20-8DF8-389FAF404668}.Release|Any CPU.Build.0 = Release|Any CPU
		{A63BC2CE-93E3-4FB6-AABE-A45286BD943F}.Debug|Any CPU.ActiveCfg = Debug|Any CPU
		{A63BC2CE-93E3-4FB6-AABE-A45286BD943F}.Debug|Any CPU.Build.0 = Debug|Any CPU
		{A63BC2CE-93E3-4FB6-AABE-A45286BD943F}.Release|Any CPU.ActiveCfg = Release|Any CPU
		{A63BC2CE-93E3-4FB6-AABE-A45286BD943F}.Release|Any CPU.Build.0 = Release|Any CPU
	EndGlobalSection
	GlobalSection(SolutionProperties) = preSolution
		HideSolutionNode = FALSE
	EndGlobalSection
	GlobalSection(ExtensibilityGlobals) = postSolution
		SolutionGuid = {2D873DBB-3D71-4379-A6AE-ED0E4E4D5107}
	EndGlobalSection
EndGlobal
